// !$*UTF8*$!
{
	archiveVersion = 1;
	classes = {
	};
	objectVersion = 63;
	objects = {

/* Begin PBXBuildFile section */
		2767CFF52C8C89B800F5F12D /* AudioPlayerApp.swift in Sources */ = {isa = PBXBuildFile; fileRef = 2767CFF42C8C89B800F5F12D /* AudioPlayerApp.swift */; };
		2767CFF72C8C89B800F5F12D /* ContentView.swift in Sources */ = {isa = PBXBuildFile; fileRef = 2767CFF62C8C89B800F5F12D /* ContentView.swift */; };
		2767CFF92C8C89B900F5F12D /* Assets.xcassets in Resources */ = {isa = PBXBuildFile; fileRef = 2767CFF82C8C89B900F5F12D /* Assets.xcassets */; };
		2767CFFC2C8C89B900F5F12D /* Preview Assets.xcassets in Resources */ = {isa = PBXBuildFile; fileRef = 2767CFFB2C8C89B900F5F12D /* Preview Assets.xcassets */; };
		2767D0052C8C8A6100F5F12D /* AppDelegate.swift in Sources */ = {isa = PBXBuildFile; fileRef = 2767D0042C8C8A6100F5F12D /* AppDelegate.swift */; };
		2767D0092C8C8D9500F5F12D /* Chapter.swift in Sources */ = {isa = PBXBuildFile; fileRef = 2767D0082C8C8D9500F5F12D /* Chapter.swift */; };
		2767D00B2C8C8E7800F5F12D /* Book.swift in Sources */ = {isa = PBXBuildFile; fileRef = 2767D00A2C8C8E7800F5F12D /* Book.swift */; };
		2767D00D2C8C8F4900F5F12D /* PlaybackRate.swift in Sources */ = {isa = PBXBuildFile; fileRef = 2767D00C2C8C8F4900F5F12D /* PlaybackRate.swift */; };
		2767D0112C8C8FE600F5F12D /* ErrorAlert.swift in Sources */ = {isa = PBXBuildFile; fileRef = 2767D0102C8C8FE600F5F12D /* ErrorAlert.swift */; };
		2767D0132C8C8FFB00F5F12D /* View+FirstAppear.swift in Sources */ = {isa = PBXBuildFile; fileRef = 2767D0122C8C8FFB00F5F12D /* View+FirstAppear.swift */; };
		2767D0152C8C900500F5F12D /* Log.swift in Sources */ = {isa = PBXBuildFile; fileRef = 2767D0142C8C900500F5F12D /* Log.swift */; };
		2767D0182C8C907100F5F12D /* Logger+Extensions.swift in Sources */ = {isa = PBXBuildFile; fileRef = 2767D0172C8C907100F5F12D /* Logger+Extensions.swift */; };
		2767D01A2C8C908E00F5F12D /* URL+Extensions.swift in Sources */ = {isa = PBXBuildFile; fileRef = 2767D0192C8C908E00F5F12D /* URL+Extensions.swift */; };
		2767D01D2C8C917E00F5F12D /* IBookMetaInfoService.swift in Sources */ = {isa = PBXBuildFile; fileRef = 2767D01C2C8C917E00F5F12D /* IBookMetaInfoService.swift */; };
		2767D01F2C8C924800F5F12D /* BookMetaInfoService.swift in Sources */ = {isa = PBXBuildFile; fileRef = 2767D01E2C8C924800F5F12D /* BookMetaInfoService.swift */; };
		2767D0232C8C944700F5F12D /* BookView.swift in Sources */ = {isa = PBXBuildFile; fileRef = 2767D0222C8C944700F5F12D /* BookView.swift */; };
		2767D0252C8C969100F5F12D /* BookshelfView.swift in Sources */ = {isa = PBXBuildFile; fileRef = 2767D0242C8C969100F5F12D /* BookshelfView.swift */; };
		2767D0272C8C97D800F5F12D /* Constants.swift in Sources */ = {isa = PBXBuildFile; fileRef = 2767D0262C8C97D800F5F12D /* Constants.swift */; };
		2767D02A2C8C988500F5F12D /* CompactPlayerView.swift in Sources */ = {isa = PBXBuildFile; fileRef = 2767D0292C8C988500F5F12D /* CompactPlayerView.swift */; };
		279426D32C8CA24200461C4E /* Environment+BookMetaInfoService.swift in Sources */ = {isa = PBXBuildFile; fileRef = 279426D22C8CA24200461C4E /* Environment+BookMetaInfoService.swift */; };
		27A7B2832C8CAEA1002C4914 /* FileService.swift in Sources */ = {isa = PBXBuildFile; fileRef = 27A7B2822C8CAEA1002C4914 /* FileService.swift */; };
		27A7B2852C8CAF84002C4914 /* FileError.swift in Sources */ = {isa = PBXBuildFile; fileRef = 27A7B2842C8CAF84002C4914 /* FileError.swift */; };
		27A7B2872C8CB051002C4914 /* Environment+FileService.swift in Sources */ = {isa = PBXBuildFile; fileRef = 27A7B2862C8CB051002C4914 /* Environment+FileService.swift */; };
		27A7B2892C8CB4E0002C4914 /* IFileService.swift in Sources */ = {isa = PBXBuildFile; fileRef = 27A7B2882C8CB4E0002C4914 /* IFileService.swift */; };
		27A7B28B2C8CB518002C4914 /* ChapterMetadata.swift in Sources */ = {isa = PBXBuildFile; fileRef = 27A7B28A2C8CB518002C4914 /* ChapterMetadata.swift */; };
		27A7B28D2C8CB521002C4914 /* BookMetadata.swift in Sources */ = {isa = PBXBuildFile; fileRef = 27A7B28C2C8CB521002C4914 /* BookMetadata.swift */; };
		27A7B2902C8CBA97002C4914 /* ISpotlightService.swift in Sources */ = {isa = PBXBuildFile; fileRef = 27A7B28F2C8CBA97002C4914 /* ISpotlightService.swift */; };
		27A7B2922C8CBAB5002C4914 /* SpotlightService.swift in Sources */ = {isa = PBXBuildFile; fileRef = 27A7B2912C8CBAB5002C4914 /* SpotlightService.swift */; };
		27A7B2942C8CBB9B002C4914 /* Environment+SpotlightService.swift in Sources */ = {isa = PBXBuildFile; fileRef = 27A7B2932C8CBB9B002C4914 /* Environment+SpotlightService.swift */; };
		27A7B2972C8DBBD2002C4914 /* PlayerService.swift in Sources */ = {isa = PBXBuildFile; fileRef = 27A7B2962C8DBBD2002C4914 /* PlayerService.swift */; };
		27A7B2992C8DBBDC002C4914 /* Environment+PlayerService.swift in Sources */ = {isa = PBXBuildFile; fileRef = 27A7B2982C8DBBDC002C4914 /* Environment+PlayerService.swift */; };
		27A7B29B2C8DBC6D002C4914 /* IPlayerService.swift in Sources */ = {isa = PBXBuildFile; fileRef = 27A7B29A2C8DBC6D002C4914 /* IPlayerService.swift */; };
		27A7B29E2C8DBD12002C4914 /* PlayerStatus.swift in Sources */ = {isa = PBXBuildFile; fileRef = 27A7B29D2C8DBD12002C4914 /* PlayerStatus.swift */; };
		27A7B2A02C8E082B002C4914 /* Double+Extensions.swift in Sources */ = {isa = PBXBuildFile; fileRef = 27A7B29F2C8E082B002C4914 /* Double+Extensions.swift */; };
		27B871E12C91E3B800E48C9A /* BookDetailView.swift in Sources */ = {isa = PBXBuildFile; fileRef = 27B871E02C91E3B800E48C9A /* BookDetailView.swift */; };
		27B871E72C91EAE100E48C9A /* ChaptersListView.swift in Sources */ = {isa = PBXBuildFile; fileRef = 27B871E62C91EAE100E48C9A /* ChaptersListView.swift */; };
		27B871E92C91EBD600E48C9A /* PlaybackIndicatorView.swift in Sources */ = {isa = PBXBuildFile; fileRef = 27B871E82C91EBD600E48C9A /* PlaybackIndicatorView.swift */; };
		27B871EB2C91EC0300E48C9A /* ChapterView.swift in Sources */ = {isa = PBXBuildFile; fileRef = 27B871EA2C91EC0300E48C9A /* ChapterView.swift */; };
		27B871ED2C920DCB00E48C9A /* Shake.swift in Sources */ = {isa = PBXBuildFile; fileRef = 27B871EC2C920DCB00E48C9A /* Shake.swift */; };
		27B871EF2C92AF4000E48C9A /* UIImageTransformer.swift in Sources */ = {isa = PBXBuildFile; fileRef = 27B871EE2C92AF4000E48C9A /* UIImageTransformer.swift */; };
/* End PBXBuildFile section */

/* Begin PBXFileReference section */
		2767CFF12C8C89B800F5F12D /* AudioPlayer.app */ = {isa = PBXFileReference; explicitFileType = wrapper.application; includeInIndex = 0; path = AudioPlayer.app; sourceTree = BUILT_PRODUCTS_DIR; };
		2767CFF42C8C89B800F5F12D /* AudioPlayerApp.swift */ = {isa = PBXFileReference; lastKnownFileType = sourcecode.swift; path = AudioPlayerApp.swift; sourceTree = "<group>"; };
		2767CFF62C8C89B800F5F12D /* ContentView.swift */ = {isa = PBXFileReference; lastKnownFileType = sourcecode.swift; path = ContentView.swift; sourceTree = "<group>"; };
		2767CFF82C8C89B900F5F12D /* Assets.xcassets */ = {isa = PBXFileReference; lastKnownFileType = folder.assetcatalog; path = Assets.xcassets; sourceTree = "<group>"; };
		2767CFFB2C8C89B900F5F12D /* Preview Assets.xcassets */ = {isa = PBXFileReference; lastKnownFileType = folder.assetcatalog; path = "Preview Assets.xcassets"; sourceTree = "<group>"; };
		2767D0032C8C8A3C00F5F12D /* Info.plist */ = {isa = PBXFileReference; lastKnownFileType = text.plist; path = Info.plist; sourceTree = "<group>"; };
		2767D0042C8C8A6100F5F12D /* AppDelegate.swift */ = {isa = PBXFileReference; lastKnownFileType = sourcecode.swift; path = AppDelegate.swift; sourceTree = "<group>"; };
		2767D0082C8C8D9500F5F12D /* Chapter.swift */ = {isa = PBXFileReference; lastKnownFileType = sourcecode.swift; path = Chapter.swift; sourceTree = "<group>"; };
		2767D00A2C8C8E7800F5F12D /* Book.swift */ = {isa = PBXFileReference; lastKnownFileType = sourcecode.swift; path = Book.swift; sourceTree = "<group>"; };
		2767D00C2C8C8F4900F5F12D /* PlaybackRate.swift */ = {isa = PBXFileReference; lastKnownFileType = sourcecode.swift; path = PlaybackRate.swift; sourceTree = "<group>"; };
		2767D0102C8C8FE600F5F12D /* ErrorAlert.swift */ = {isa = PBXFileReference; lastKnownFileType = sourcecode.swift; path = ErrorAlert.swift; sourceTree = "<group>"; };
		2767D0122C8C8FFB00F5F12D /* View+FirstAppear.swift */ = {isa = PBXFileReference; lastKnownFileType = sourcecode.swift; path = "View+FirstAppear.swift"; sourceTree = "<group>"; };
		2767D0142C8C900500F5F12D /* Log.swift */ = {isa = PBXFileReference; lastKnownFileType = sourcecode.swift; path = Log.swift; sourceTree = "<group>"; };
		2767D0172C8C907100F5F12D /* Logger+Extensions.swift */ = {isa = PBXFileReference; lastKnownFileType = sourcecode.swift; path = "Logger+Extensions.swift"; sourceTree = "<group>"; };
		2767D0192C8C908E00F5F12D /* URL+Extensions.swift */ = {isa = PBXFileReference; lastKnownFileType = sourcecode.swift; path = "URL+Extensions.swift"; sourceTree = "<group>"; };
		2767D01C2C8C917E00F5F12D /* IBookMetaInfoService.swift */ = {isa = PBXFileReference; lastKnownFileType = sourcecode.swift; path = IBookMetaInfoService.swift; sourceTree = "<group>"; };
		2767D01E2C8C924800F5F12D /* BookMetaInfoService.swift */ = {isa = PBXFileReference; lastKnownFileType = sourcecode.swift; path = BookMetaInfoService.swift; sourceTree = "<group>"; };
		2767D0222C8C944700F5F12D /* BookView.swift */ = {isa = PBXFileReference; lastKnownFileType = sourcecode.swift; path = BookView.swift; sourceTree = "<group>"; };
		2767D0242C8C969100F5F12D /* BookshelfView.swift */ = {isa = PBXFileReference; lastKnownFileType = sourcecode.swift; path = BookshelfView.swift; sourceTree = "<group>"; };
		2767D0262C8C97D800F5F12D /* Constants.swift */ = {isa = PBXFileReference; lastKnownFileType = sourcecode.swift; path = Constants.swift; sourceTree = "<group>"; };
		2767D0292C8C988500F5F12D /* CompactPlayerView.swift */ = {isa = PBXFileReference; lastKnownFileType = sourcecode.swift; path = CompactPlayerView.swift; sourceTree = "<group>"; };
		279426D22C8CA24200461C4E /* Environment+BookMetaInfoService.swift */ = {isa = PBXFileReference; lastKnownFileType = sourcecode.swift; path = "Environment+BookMetaInfoService.swift"; sourceTree = "<group>"; };
		27A7B2822C8CAEA1002C4914 /* FileService.swift */ = {isa = PBXFileReference; lastKnownFileType = sourcecode.swift; path = FileService.swift; sourceTree = "<group>"; };
		27A7B2842C8CAF84002C4914 /* FileError.swift */ = {isa = PBXFileReference; lastKnownFileType = sourcecode.swift; path = FileError.swift; sourceTree = "<group>"; };
		27A7B2862C8CB051002C4914 /* Environment+FileService.swift */ = {isa = PBXFileReference; lastKnownFileType = sourcecode.swift; path = "Environment+FileService.swift"; sourceTree = "<group>"; };
		27A7B2882C8CB4E0002C4914 /* IFileService.swift */ = {isa = PBXFileReference; lastKnownFileType = sourcecode.swift; path = IFileService.swift; sourceTree = "<group>"; };
		27A7B28A2C8CB518002C4914 /* ChapterMetadata.swift */ = {isa = PBXFileReference; lastKnownFileType = sourcecode.swift; path = ChapterMetadata.swift; sourceTree = "<group>"; };
		27A7B28C2C8CB521002C4914 /* BookMetadata.swift */ = {isa = PBXFileReference; lastKnownFileType = sourcecode.swift; path = BookMetadata.swift; sourceTree = "<group>"; };
		27A7B28F2C8CBA97002C4914 /* ISpotlightService.swift */ = {isa = PBXFileReference; lastKnownFileType = sourcecode.swift; path = ISpotlightService.swift; sourceTree = "<group>"; };
		27A7B2912C8CBAB5002C4914 /* SpotlightService.swift */ = {isa = PBXFileReference; lastKnownFileType = sourcecode.swift; path = SpotlightService.swift; sourceTree = "<group>"; };
		27A7B2932C8CBB9B002C4914 /* Environment+SpotlightService.swift */ = {isa = PBXFileReference; lastKnownFileType = sourcecode.swift; path = "Environment+SpotlightService.swift"; sourceTree = "<group>"; };
		27A7B2962C8DBBD2002C4914 /* PlayerService.swift */ = {isa = PBXFileReference; lastKnownFileType = sourcecode.swift; path = PlayerService.swift; sourceTree = "<group>"; };
		27A7B2982C8DBBDC002C4914 /* Environment+PlayerService.swift */ = {isa = PBXFileReference; lastKnownFileType = sourcecode.swift; path = "Environment+PlayerService.swift"; sourceTree = "<group>"; };
		27A7B29A2C8DBC6D002C4914 /* IPlayerService.swift */ = {isa = PBXFileReference; lastKnownFileType = sourcecode.swift; path = IPlayerService.swift; sourceTree = "<group>"; };
		27A7B29D2C8DBD12002C4914 /* PlayerStatus.swift */ = {isa = PBXFileReference; lastKnownFileType = sourcecode.swift; path = PlayerStatus.swift; sourceTree = "<group>"; };
		27A7B29F2C8E082B002C4914 /* Double+Extensions.swift */ = {isa = PBXFileReference; lastKnownFileType = sourcecode.swift; path = "Double+Extensions.swift"; sourceTree = "<group>"; };
		27B871E02C91E3B800E48C9A /* BookDetailView.swift */ = {isa = PBXFileReference; lastKnownFileType = sourcecode.swift; path = BookDetailView.swift; sourceTree = "<group>"; };
		27B871E62C91EAE100E48C9A /* ChaptersListView.swift */ = {isa = PBXFileReference; lastKnownFileType = sourcecode.swift; path = ChaptersListView.swift; sourceTree = "<group>"; };
		27B871E82C91EBD600E48C9A /* PlaybackIndicatorView.swift */ = {isa = PBXFileReference; lastKnownFileType = sourcecode.swift; path = PlaybackIndicatorView.swift; sourceTree = "<group>"; };
		27B871EA2C91EC0300E48C9A /* ChapterView.swift */ = {isa = PBXFileReference; lastKnownFileType = sourcecode.swift; path = ChapterView.swift; sourceTree = "<group>"; };
		27B871EC2C920DCB00E48C9A /* Shake.swift */ = {isa = PBXFileReference; lastKnownFileType = sourcecode.swift; path = Shake.swift; sourceTree = "<group>"; };
		27B871EE2C92AF4000E48C9A /* UIImageTransformer.swift */ = {isa = PBXFileReference; lastKnownFileType = sourcecode.swift; path = UIImageTransformer.swift; sourceTree = "<group>"; };
/* End PBXFileReference section */

/* Begin PBXFrameworksBuildPhase section */
		2767CFEE2C8C89B800F5F12D /* Frameworks */ = {
			isa = PBXFrameworksBuildPhase;
			buildActionMask = 2147483647;
			files = (
			);
			runOnlyForDeploymentPostprocessing = 0;
		};
/* End PBXFrameworksBuildPhase section */

/* Begin PBXGroup section */
		2767CFE82C8C89B800F5F12D = {
			isa = PBXGroup;
			children = (
				2767CFF32C8C89B800F5F12D /* AudioPlayer */,
				2767CFF22C8C89B800F5F12D /* Products */,
			);
			sourceTree = "<group>";
		};
		2767CFF22C8C89B800F5F12D /* Products */ = {
			isa = PBXGroup;
			children = (
				2767CFF12C8C89B800F5F12D /* AudioPlayer.app */,
			);
			name = Products;
			sourceTree = "<group>";
		};
		2767CFF32C8C89B800F5F12D /* AudioPlayer */ = {
			isa = PBXGroup;
			children = (
				2767D0212C8C943200F5F12D /* UI */,
				2767D01B2C8C916000F5F12D /* Services */,
				2767D00F2C8C8FCB00F5F12D /* Shared */,
				2767D0072C8C8D4500F5F12D /* Domain */,
				2767CFF62C8C89B800F5F12D /* ContentView.swift */,
				2767CFF42C8C89B800F5F12D /* AudioPlayerApp.swift */,
				2767D0042C8C8A6100F5F12D /* AppDelegate.swift */,
				2767D0032C8C8A3C00F5F12D /* Info.plist */,
				2767CFF82C8C89B900F5F12D /* Assets.xcassets */,
				2767CFFA2C8C89B900F5F12D /* Preview Content */,
			);
			path = AudioPlayer;
			sourceTree = "<group>";
		};
		2767CFFA2C8C89B900F5F12D /* Preview Content */ = {
			isa = PBXGroup;
			children = (
				2767CFFB2C8C89B900F5F12D /* Preview Assets.xcassets */,
			);
			path = "Preview Content";
			sourceTree = "<group>";
		};
		2767D0072C8C8D4500F5F12D /* Domain */ = {
			isa = PBXGroup;
			children = (
				27A7B29C2C8DBCFF002C4914 /* Meta */,
				2767D0082C8C8D9500F5F12D /* Chapter.swift */,
				2767D00A2C8C8E7800F5F12D /* Book.swift */,
				2767D00C2C8C8F4900F5F12D /* PlaybackRate.swift */,
				27A7B29D2C8DBD12002C4914 /* PlayerStatus.swift */,
				27B871EE2C92AF4000E48C9A /* UIImageTransformer.swift */,
			);
			path = Domain;
			sourceTree = "<group>";
		};
		2767D00F2C8C8FCB00F5F12D /* Shared */ = {
			isa = PBXGroup;
			children = (
				2767D0162C8C906500F5F12D /* Extensions */,
				2767D0102C8C8FE600F5F12D /* ErrorAlert.swift */,
				2767D0142C8C900500F5F12D /* Log.swift */,
				2767D0262C8C97D800F5F12D /* Constants.swift */,
				27B871EC2C920DCB00E48C9A /* Shake.swift */,
			);
			path = Shared;
			sourceTree = "<group>";
		};
		2767D0162C8C906500F5F12D /* Extensions */ = {
			isa = PBXGroup;
			children = (
				2767D0122C8C8FFB00F5F12D /* View+FirstAppear.swift */,
				2767D0172C8C907100F5F12D /* Logger+Extensions.swift */,
				2767D0192C8C908E00F5F12D /* URL+Extensions.swift */,
				27A7B29F2C8E082B002C4914 /* Double+Extensions.swift */,
			);
			path = Extensions;
			sourceTree = "<group>";
		};
		2767D01B2C8C916000F5F12D /* Services */ = {
			isa = PBXGroup;
			children = (
				27A7B2952C8DBBBD002C4914 /* PlayerService */,
				27A7B28E2C8CBA86002C4914 /* SpotlightService */,
				27A7B2812C8CAE89002C4914 /* FileService */,
				2767D0202C8C93CD00F5F12D /* BookMetaInfo */,
			);
			path = Services;
			sourceTree = "<group>";
		};
		2767D0202C8C93CD00F5F12D /* BookMetaInfo */ = {
			isa = PBXGroup;
			children = (
				2767D01C2C8C917E00F5F12D /* IBookMetaInfoService.swift */,
				2767D01E2C8C924800F5F12D /* BookMetaInfoService.swift */,
				279426D22C8CA24200461C4E /* Environment+BookMetaInfoService.swift */,
			);
			path = BookMetaInfo;
			sourceTree = "<group>";
		};
		2767D0212C8C943200F5F12D /* UI */ = {
			isa = PBXGroup;
			children = (
				27B871E52C91EAD600E48C9A /* ChaptersList */,
				27B871DF2C91E3AB00E48C9A /* BookDetail */,
				27B871DD2C91E37000E48C9A /* Bookshelf */,
			);
			path = UI;
			sourceTree = "<group>";
		};
		27A7B2812C8CAE89002C4914 /* FileService */ = {
			isa = PBXGroup;
			children = (
				27A7B2842C8CAF84002C4914 /* FileError.swift */,
				27A7B2882C8CB4E0002C4914 /* IFileService.swift */,
				27A7B2822C8CAEA1002C4914 /* FileService.swift */,
				27A7B2862C8CB051002C4914 /* Environment+FileService.swift */,
			);
			path = FileService;
			sourceTree = "<group>";
		};
		27A7B28E2C8CBA86002C4914 /* SpotlightService */ = {
			isa = PBXGroup;
			children = (
				27A7B28F2C8CBA97002C4914 /* ISpotlightService.swift */,
				27A7B2912C8CBAB5002C4914 /* SpotlightService.swift */,
				27A7B2932C8CBB9B002C4914 /* Environment+SpotlightService.swift */,
			);
			path = SpotlightService;
			sourceTree = "<group>";
		};
		27A7B2952C8DBBBD002C4914 /* PlayerService */ = {
			isa = PBXGroup;
			children = (
				27A7B29A2C8DBC6D002C4914 /* IPlayerService.swift */,
				27A7B2962C8DBBD2002C4914 /* PlayerService.swift */,
				27A7B2982C8DBBDC002C4914 /* Environment+PlayerService.swift */,
			);
			path = PlayerService;
			sourceTree = "<group>";
		};
		27A7B29C2C8DBCFF002C4914 /* Meta */ = {
			isa = PBXGroup;
			children = (
				27A7B28A2C8CB518002C4914 /* ChapterMetadata.swift */,
				27A7B28C2C8CB521002C4914 /* BookMetadata.swift */,
			);
			path = Meta;
			sourceTree = "<group>";
		};
		27B871DD2C91E37000E48C9A /* Bookshelf */ = {
			isa = PBXGroup;
			children = (
				2767D0292C8C988500F5F12D /* CompactPlayerView.swift */,
				2767D0222C8C944700F5F12D /* BookView.swift */,
				2767D0242C8C969100F5F12D /* BookshelfView.swift */,
			);
			path = Bookshelf;
			sourceTree = "<group>";
		};
		27B871DF2C91E3AB00E48C9A /* BookDetail */ = {
			isa = PBXGroup;
			children = (
				27B871E02C91E3B800E48C9A /* BookDetailView.swift */,
			);
			path = BookDetail;
			sourceTree = "<group>";
		};
		27B871E52C91EAD600E48C9A /* ChaptersList */ = {
			isa = PBXGroup;
			children = (
				27B871E62C91EAE100E48C9A /* ChaptersListView.swift */,
				27B871EA2C91EC0300E48C9A /* ChapterView.swift */,
				27B871E82C91EBD600E48C9A /* PlaybackIndicatorView.swift */,
			);
			path = ChaptersList;
			sourceTree = "<group>";
		};
/* End PBXGroup section */

/* Begin PBXNativeTarget section */
		2767CFF02C8C89B800F5F12D /* AudioPlayer */ = {
			isa = PBXNativeTarget;
			buildConfigurationList = 2767D0002C8C89B900F5F12D /* Build configuration list for PBXNativeTarget "AudioPlayer" */;
			buildPhases = (
				2767CFED2C8C89B800F5F12D /* Sources */,
				2767CFEE2C8C89B800F5F12D /* Frameworks */,
				2767CFEF2C8C89B800F5F12D /* Resources */,
			);
			buildRules = (
			);
			dependencies = (
			);
			name = AudioPlayer;
			productName = AudioPlayer;
			productReference = 2767CFF12C8C89B800F5F12D /* AudioPlayer.app */;
			productType = "com.apple.product-type.application";
		};
/* End PBXNativeTarget section */

/* Begin PBXProject section */
		2767CFE92C8C89B800F5F12D /* Project object */ = {
			isa = PBXProject;
			attributes = {
				BuildIndependentTargetsInParallel = 1;
				LastSwiftUpdateCheck = 1540;
				LastUpgradeCheck = 1540;
				TargetAttributes = {
					2767CFF02C8C89B800F5F12D = {
						CreatedOnToolsVersion = 15.4;
					};
				};
			};
			buildConfigurationList = 2767CFEC2C8C89B800F5F12D /* Build configuration list for PBXProject "AudioPlayer" */;
			compatibilityVersion = "Xcode 15.3";
			developmentRegion = en;
			hasScannedForEncodings = 0;
			knownRegions = (
				en,
				Base,
				ru,
			);
			mainGroup = 2767CFE82C8C89B800F5F12D;
			productRefGroup = 2767CFF22C8C89B800F5F12D /* Products */;
			projectDirPath = "";
			projectRoot = "";
			targets = (
				2767CFF02C8C89B800F5F12D /* AudioPlayer */,
			);
		};
/* End PBXProject section */

/* Begin PBXResourcesBuildPhase section */
		2767CFEF2C8C89B800F5F12D /* Resources */ = {
			isa = PBXResourcesBuildPhase;
			buildActionMask = 2147483647;
			files = (
				2767CFFC2C8C89B900F5F12D /* Preview Assets.xcassets in Resources */,
				2767CFF92C8C89B900F5F12D /* Assets.xcassets in Resources */,
			);
			runOnlyForDeploymentPostprocessing = 0;
		};
/* End PBXResourcesBuildPhase section */

/* Begin PBXSourcesBuildPhase section */
		2767CFED2C8C89B800F5F12D /* Sources */ = {
			isa = PBXSourcesBuildPhase;
			buildActionMask = 2147483647;
			files = (
				2767D01A2C8C908E00F5F12D /* URL+Extensions.swift in Sources */,
				27A7B2832C8CAEA1002C4914 /* FileService.swift in Sources */,
				27B871EB2C91EC0300E48C9A /* ChapterView.swift in Sources */,
				2767D0052C8C8A6100F5F12D /* AppDelegate.swift in Sources */,
				2767D02A2C8C988500F5F12D /* CompactPlayerView.swift in Sources */,
				2767D0182C8C907100F5F12D /* Logger+Extensions.swift in Sources */,
				2767CFF72C8C89B800F5F12D /* ContentView.swift in Sources */,
				2767D0152C8C900500F5F12D /* Log.swift in Sources */,
				27B871ED2C920DCB00E48C9A /* Shake.swift in Sources */,
				2767D0232C8C944700F5F12D /* BookView.swift in Sources */,
				27A7B2A02C8E082B002C4914 /* Double+Extensions.swift in Sources */,
				27A7B2972C8DBBD2002C4914 /* PlayerService.swift in Sources */,
				27A7B2872C8CB051002C4914 /* Environment+FileService.swift in Sources */,
				27B871E92C91EBD600E48C9A /* PlaybackIndicatorView.swift in Sources */,
				27A7B28D2C8CB521002C4914 /* BookMetadata.swift in Sources */,
				27A7B2892C8CB4E0002C4914 /* IFileService.swift in Sources */,
				27A7B29B2C8DBC6D002C4914 /* IPlayerService.swift in Sources */,
				2767D00D2C8C8F4900F5F12D /* PlaybackRate.swift in Sources */,
				27A7B28B2C8CB518002C4914 /* ChapterMetadata.swift in Sources */,
				27B871E72C91EAE100E48C9A /* ChaptersListView.swift in Sources */,
				2767D0272C8C97D800F5F12D /* Constants.swift in Sources */,
				27A7B2902C8CBA97002C4914 /* ISpotlightService.swift in Sources */,
				2767CFF52C8C89B800F5F12D /* AudioPlayerApp.swift in Sources */,
				27B871E12C91E3B800E48C9A /* BookDetailView.swift in Sources */,
				2767D00B2C8C8E7800F5F12D /* Book.swift in Sources */,
				27A7B2852C8CAF84002C4914 /* FileError.swift in Sources */,
				27A7B29E2C8DBD12002C4914 /* PlayerStatus.swift in Sources */,
				2767D0132C8C8FFB00F5F12D /* View+FirstAppear.swift in Sources */,
				2767D0092C8C8D9500F5F12D /* Chapter.swift in Sources */,
				2767D01F2C8C924800F5F12D /* BookMetaInfoService.swift in Sources */,
				279426D32C8CA24200461C4E /* Environment+BookMetaInfoService.swift in Sources */,
				27B871EF2C92AF4000E48C9A /* UIImageTransformer.swift in Sources */,
				27A7B2922C8CBAB5002C4914 /* SpotlightService.swift in Sources */,
				2767D0112C8C8FE600F5F12D /* ErrorAlert.swift in Sources */,
				2767D01D2C8C917E00F5F12D /* IBookMetaInfoService.swift in Sources */,
				27A7B2992C8DBBDC002C4914 /* Environment+PlayerService.swift in Sources */,
				27A7B2942C8CBB9B002C4914 /* Environment+SpotlightService.swift in Sources */,
				2767D0252C8C969100F5F12D /* BookshelfView.swift in Sources */,
			);
			runOnlyForDeploymentPostprocessing = 0;
		};
/* End PBXSourcesBuildPhase section */

/* Begin XCBuildConfiguration section */
		2767CFFE2C8C89B900F5F12D /* Debug */ = {
			isa = XCBuildConfiguration;
			buildSettings = {
				ALWAYS_SEARCH_USER_PATHS = NO;
				ASSETCATALOG_COMPILER_GENERATE_SWIFT_ASSET_SYMBOL_EXTENSIONS = YES;
				CLANG_ANALYZER_NONNULL = YES;
				CLANG_ANALYZER_NUMBER_OBJECT_CONVERSION = YES_AGGRESSIVE;
				CLANG_CXX_LANGUAGE_STANDARD = "gnu++20";
				CLANG_ENABLE_MODULES = YES;
				CLANG_ENABLE_OBJC_ARC = YES;
				CLANG_ENABLE_OBJC_WEAK = YES;
				CLANG_WARN_BLOCK_CAPTURE_AUTORELEASING = YES;
				CLANG_WARN_BOOL_CONVERSION = YES;
				CLANG_WARN_COMMA = YES;
				CLANG_WARN_CONSTANT_CONVERSION = YES;
				CLANG_WARN_DEPRECATED_OBJC_IMPLEMENTATIONS = YES;
				CLANG_WARN_DIRECT_OBJC_ISA_USAGE = YES_ERROR;
				CLANG_WARN_DOCUMENTATION_COMMENTS = YES;
				CLANG_WARN_EMPTY_BODY = YES;
				CLANG_WARN_ENUM_CONVERSION = YES;
				CLANG_WARN_INFINITE_RECURSION = YES;
				CLANG_WARN_INT_CONVERSION = YES;
				CLANG_WARN_NON_LITERAL_NULL_CONVERSION = YES;
				CLANG_WARN_OBJC_IMPLICIT_RETAIN_SELF = YES;
				CLANG_WARN_OBJC_LITERAL_CONVERSION = YES;
				CLANG_WARN_OBJC_ROOT_CLASS = YES_ERROR;
				CLANG_WARN_QUOTED_INCLUDE_IN_FRAMEWORK_HEADER = YES;
				CLANG_WARN_RANGE_LOOP_ANALYSIS = YES;
				CLANG_WARN_STRICT_PROTOTYPES = YES;
				CLANG_WARN_SUSPICIOUS_MOVE = YES;
				CLANG_WARN_UNGUARDED_AVAILABILITY = YES_AGGRESSIVE;
				CLANG_WARN_UNREACHABLE_CODE = YES;
				CLANG_WARN__DUPLICATE_METHOD_MATCH = YES;
				COPY_PHASE_STRIP = NO;
				DEBUG_INFORMATION_FORMAT = dwarf;
				ENABLE_STRICT_OBJC_MSGSEND = YES;
				ENABLE_TESTABILITY = YES;
				ENABLE_USER_SCRIPT_SANDBOXING = YES;
				GCC_C_LANGUAGE_STANDARD = gnu17;
				GCC_DYNAMIC_NO_PIC = NO;
				GCC_NO_COMMON_BLOCKS = YES;
				GCC_OPTIMIZATION_LEVEL = 0;
				GCC_PREPROCESSOR_DEFINITIONS = (
					"DEBUG=1",
					"$(inherited)",
				);
				GCC_WARN_64_TO_32_BIT_CONVERSION = YES;
				GCC_WARN_ABOUT_RETURN_TYPE = YES_ERROR;
				GCC_WARN_UNDECLARED_SELECTOR = YES;
				GCC_WARN_UNINITIALIZED_AUTOS = YES_AGGRESSIVE;
				GCC_WARN_UNUSED_FUNCTION = YES;
				GCC_WARN_UNUSED_VARIABLE = YES;
				IPHONEOS_DEPLOYMENT_TARGET = 17.0;
				LOCALIZATION_PREFERS_STRING_CATALOGS = YES;
				MACOSX_DEPLOYMENT_TARGET = 14.5;
				MTL_ENABLE_DEBUG_INFO = INCLUDE_SOURCE;
				MTL_FAST_MATH = YES;
				ONLY_ACTIVE_ARCH = YES;
				SDKROOT = macosx;
				SWIFT_ACTIVE_COMPILATION_CONDITIONS = "DEBUG $(inherited)";
				SWIFT_OPTIMIZATION_LEVEL = "-Onone";
			};
			name = Debug;
		};
		2767CFFF2C8C89B900F5F12D /* Release */ = {
			isa = XCBuildConfiguration;
			buildSettings = {
				ALWAYS_SEARCH_USER_PATHS = NO;
				ASSETCATALOG_COMPILER_GENERATE_SWIFT_ASSET_SYMBOL_EXTENSIONS = YES;
				CLANG_ANALYZER_NONNULL = YES;
				CLANG_ANALYZER_NUMBER_OBJECT_CONVERSION = YES_AGGRESSIVE;
				CLANG_CXX_LANGUAGE_STANDARD = "gnu++20";
				CLANG_ENABLE_MODULES = YES;
				CLANG_ENABLE_OBJC_ARC = YES;
				CLANG_ENABLE_OBJC_WEAK = YES;
				CLANG_WARN_BLOCK_CAPTURE_AUTORELEASING = YES;
				CLANG_WARN_BOOL_CONVERSION = YES;
				CLANG_WARN_COMMA = YES;
				CLANG_WARN_CONSTANT_CONVERSION = YES;
				CLANG_WARN_DEPRECATED_OBJC_IMPLEMENTATIONS = YES;
				CLANG_WARN_DIRECT_OBJC_ISA_USAGE = YES_ERROR;
				CLANG_WARN_DOCUMENTATION_COMMENTS = YES;
				CLANG_WARN_EMPTY_BODY = YES;
				CLANG_WARN_ENUM_CONVERSION = YES;
				CLANG_WARN_INFINITE_RECURSION = YES;
				CLANG_WARN_INT_CONVERSION = YES;
				CLANG_WARN_NON_LITERAL_NULL_CONVERSION = YES;
				CLANG_WARN_OBJC_IMPLICIT_RETAIN_SELF = YES;
				CLANG_WARN_OBJC_LITERAL_CONVERSION = YES;
				CLANG_WARN_OBJC_ROOT_CLASS = YES_ERROR;
				CLANG_WARN_QUOTED_INCLUDE_IN_FRAMEWORK_HEADER = YES;
				CLANG_WARN_RANGE_LOOP_ANALYSIS = YES;
				CLANG_WARN_STRICT_PROTOTYPES = YES;
				CLANG_WARN_SUSPICIOUS_MOVE = YES;
				CLANG_WARN_UNGUARDED_AVAILABILITY = YES_AGGRESSIVE;
				CLANG_WARN_UNREACHABLE_CODE = YES;
				CLANG_WARN__DUPLICATE_METHOD_MATCH = YES;
				COPY_PHASE_STRIP = NO;
				DEBUG_INFORMATION_FORMAT = "dwarf-with-dsym";
				ENABLE_NS_ASSERTIONS = NO;
				ENABLE_STRICT_OBJC_MSGSEND = YES;
				ENABLE_USER_SCRIPT_SANDBOXING = YES;
				GCC_C_LANGUAGE_STANDARD = gnu17;
				GCC_NO_COMMON_BLOCKS = YES;
				GCC_WARN_64_TO_32_BIT_CONVERSION = YES;
				GCC_WARN_ABOUT_RETURN_TYPE = YES_ERROR;
				GCC_WARN_UNDECLARED_SELECTOR = YES;
				GCC_WARN_UNINITIALIZED_AUTOS = YES_AGGRESSIVE;
				GCC_WARN_UNUSED_FUNCTION = YES;
				GCC_WARN_UNUSED_VARIABLE = YES;
				IPHONEOS_DEPLOYMENT_TARGET = 17.0;
				LOCALIZATION_PREFERS_STRING_CATALOGS = YES;
				MACOSX_DEPLOYMENT_TARGET = 14.5;
				MTL_ENABLE_DEBUG_INFO = NO;
				MTL_FAST_MATH = YES;
				SDKROOT = macosx;
				SWIFT_COMPILATION_MODE = wholemodule;
			};
			name = Release;
		};
		2767D0012C8C89B900F5F12D /* Debug */ = {
			isa = XCBuildConfiguration;
			buildSettings = {
				ASSETCATALOG_COMPILER_APPICON_NAME = AppIcon;
				ASSETCATALOG_COMPILER_GLOBAL_ACCENT_COLOR_NAME = AccentColor;
				CODE_SIGN_ENTITLEMENTS = AudioPlayer/AudioPlayer.entitlements;
				CODE_SIGN_STYLE = Automatic;
				COMBINE_HIDPI_IMAGES = YES;
				CURRENT_PROJECT_VERSION = 1;
				DEVELOPMENT_ASSET_PATHS = "\"AudioPlayer/Preview Content\"";
				DEVELOPMENT_TEAM = 579X949DTW;
				ENABLE_HARDENED_RUNTIME = NO;
				ENABLE_PREVIEWS = YES;
				GENERATE_INFOPLIST_FILE = YES;
				INFOPLIST_FILE = AudioPlayer/Info.plist;
				INFOPLIST_KEY_CFBundleDisplayName = "Ну, плеер, ну и что";
				INFOPLIST_KEY_LSApplicationCategoryType = "public.app-category.books";
				INFOPLIST_KEY_NSHumanReadableCopyright = "";
				INFOPLIST_KEY_UILaunchScreen_Generation = YES;
				INFOPLIST_KEY_UISupportedInterfaceOrientations = "UIInterfaceOrientationLandscapeLeft UIInterfaceOrientationLandscapeRight UIInterfaceOrientationPortrait";
				INFOPLIST_KEY_UISupportedInterfaceOrientations_iPad = "UIInterfaceOrientationLandscapeLeft UIInterfaceOrientationLandscapeRight UIInterfaceOrientationPortrait UIInterfaceOrientationPortraitUpsideDown";
				IPHONEOS_DEPLOYMENT_TARGET = 17.0;
				LD_RUNPATH_SEARCH_PATHS = (
					"$(inherited)",
					"@executable_path/../Frameworks",
				);
				MARKETING_VERSION = 1.0;
				PRODUCT_BUNDLE_IDENTIFIER = com.alextos.audioplayer;
				PRODUCT_NAME = "$(TARGET_NAME)";
				SUPPORTED_PLATFORMS = "iphoneos iphonesimulator";
				SUPPORTS_MACCATALYST = NO;
				SUPPORTS_MAC_DESIGNED_FOR_IPHONE_IPAD = YES;
				SWIFT_EMIT_LOC_STRINGS = YES;
				SWIFT_VERSION = 5.0;
				TARGETED_DEVICE_FAMILY = "1,2";
			};
			name = Debug;
		};
		2767D0022C8C89B900F5F12D /* Release */ = {
			isa = XCBuildConfiguration;
			buildSettings = {
				ASSETCATALOG_COMPILER_APPICON_NAME = AppIcon;
				ASSETCATALOG_COMPILER_GLOBAL_ACCENT_COLOR_NAME = AccentColor;
				CODE_SIGN_ENTITLEMENTS = AudioPlayer/AudioPlayer.entitlements;
				CODE_SIGN_STYLE = Automatic;
				COMBINE_HIDPI_IMAGES = YES;
				CURRENT_PROJECT_VERSION = 1;
				DEVELOPMENT_ASSET_PATHS = "\"AudioPlayer/Preview Content\"";
				DEVELOPMENT_TEAM = 579X949DTW;
				ENABLE_HARDENED_RUNTIME = NO;
				ENABLE_PREVIEWS = YES;
				GENERATE_INFOPLIST_FILE = YES;
				INFOPLIST_FILE = AudioPlayer/Info.plist;
				INFOPLIST_KEY_CFBundleDisplayName = "Ну, плеер, ну и что";
				INFOPLIST_KEY_LSApplicationCategoryType = "public.app-category.books";
				INFOPLIST_KEY_NSHumanReadableCopyright = "";
				INFOPLIST_KEY_UILaunchScreen_Generation = YES;
				INFOPLIST_KEY_UISupportedInterfaceOrientations = "UIInterfaceOrientationLandscapeLeft UIInterfaceOrientationLandscapeRight UIInterfaceOrientationPortrait";
				INFOPLIST_KEY_UISupportedInterfaceOrientations_iPad = "UIInterfaceOrientationLandscapeLeft UIInterfaceOrientationLandscapeRight UIInterfaceOrientationPortrait UIInterfaceOrientationPortraitUpsideDown";
				IPHONEOS_DEPLOYMENT_TARGET = 17.0;
				LD_RUNPATH_SEARCH_PATHS = (
					"$(inherited)",
					"@executable_path/../Frameworks",
				);
				MARKETING_VERSION = 1.0;
				PRODUCT_BUNDLE_IDENTIFIER = com.alextos.audioplayer;
				PRODUCT_NAME = "$(TARGET_NAME)";
				SUPPORTED_PLATFORMS = "iphoneos iphonesimulator";
				SUPPORTS_MACCATALYST = NO;
				SUPPORTS_MAC_DESIGNED_FOR_IPHONE_IPAD = YES;
				SWIFT_EMIT_LOC_STRINGS = YES;
				SWIFT_VERSION = 5.0;
				TARGETED_DEVICE_FAMILY = "1,2";
			};
			name = Release;
		};
/* End XCBuildConfiguration section */

/* Begin XCConfigurationList section */
		2767CFEC2C8C89B800F5F12D /* Build configuration list for PBXProject "AudioPlayer" */ = {
			isa = XCConfigurationList;
			buildConfigurations = (
				2767CFFE2C8C89B900F5F12D /* Debug */,
				2767CFFF2C8C89B900F5F12D /* Release */,
			);
			defaultConfigurationIsVisible = 0;
			defaultConfigurationName = Release;
		};
		2767D0002C8C89B900F5F12D /* Build configuration list for PBXNativeTarget "AudioPlayer" */ = {
			isa = XCConfigurationList;
			buildConfigurations = (
				2767D0012C8C89B900F5F12D /* Debug */,
				2767D0022C8C89B900F5F12D /* Release */,
			);
			defaultConfigurationIsVisible = 0;
			defaultConfigurationName = Release;
		};
/* End XCConfigurationList section */
	};
	rootObject = 2767CFE92C8C89B800F5F12D /* Project object */;
}
