// !$*UTF8*$!
{
	archiveVersion = 1;
	classes = {
	};
	objectVersion = 56;
	objects = {

/* Begin PBXBuildFile section */
		276AA33E2B30BF8200D3BD89 /* AppDelegate.swift in Sources */ = {isa = PBXBuildFile; fileRef = 276AA33D2B30BF8200D3BD89 /* AppDelegate.swift */; };
		276AA3412B37F5DD00D3BD89 /* AudioService in Frameworks */ = {isa = PBXBuildFile; productRef = 276AA3402B37F5DD00D3BD89 /* AudioService */; };
		276D3B562B2DA04300461640 /* PlayerApp.swift in Sources */ = {isa = PBXBuildFile; fileRef = 276D3B552B2DA04300461640 /* PlayerApp.swift */; };
		276D3B5A2B2DA04500461640 /* Assets.xcassets in Resources */ = {isa = PBXBuildFile; fileRef = 276D3B592B2DA04500461640 /* Assets.xcassets */; };
		276D3B5D2B2DA04500461640 /* Preview Assets.xcassets in Resources */ = {isa = PBXBuildFile; fileRef = 276D3B5C2B2DA04500461640 /* Preview Assets.xcassets */; };
		276D3B682B2DA61200461640 /* ComposableArchitecture in Frameworks */ = {isa = PBXBuildFile; productRef = 276D3B672B2DA61200461640 /* ComposableArchitecture */; };
		276D3B6D2B2DA6F800461640 /* AppView.swift in Sources */ = {isa = PBXBuildFile; fileRef = 276D3B6C2B2DA6F800461640 /* AppView.swift */; };
		276D3B6F2B2DA70100461640 /* AppFeature.swift in Sources */ = {isa = PBXBuildFile; fileRef = 276D3B6E2B2DA70100461640 /* AppFeature.swift */; };
		276D3B892B2EB0D200461640 /* Shared in Frameworks */ = {isa = PBXBuildFile; productRef = 276D3B882B2EB0D200461640 /* Shared */; };
		276D3B8C2B2EB18F00461640 /* Domain in Frameworks */ = {isa = PBXBuildFile; productRef = 276D3B8B2B2EB18F00461640 /* Domain */; };
		276D3B8F2B2EB4BC00461640 /* FileService in Frameworks */ = {isa = PBXBuildFile; productRef = 276D3B8E2B2EB4BC00461640 /* FileService */; };
		276D3B972B2EBC2200461640 /* EmptyFeature.swift in Sources */ = {isa = PBXBuildFile; fileRef = 276D3B962B2EBC2200461640 /* EmptyFeature.swift */; };
		276D3B992B2EBC8400461640 /* EmptyFeatureView.swift in Sources */ = {isa = PBXBuildFile; fileRef = 276D3B982B2EBC8400461640 /* EmptyFeatureView.swift */; };
		276D3B9C2B2EC3CC00461640 /* AudioListFeature in Frameworks */ = {isa = PBXBuildFile; productRef = 276D3B9B2B2EC3CC00461640 /* AudioListFeature */; };
		2785B5A22B47FA140006CE19 /* StorageService in Frameworks */ = {isa = PBXBuildFile; productRef = 2785B5A12B47FA140006CE19 /* StorageService */; };
/* End PBXBuildFile section */

/* Begin PBXFileReference section */
		27432CC72B2F321000A18CA3 /* PlayerTests.xctestplan */ = {isa = PBXFileReference; lastKnownFileType = text; path = PlayerTests.xctestplan; sourceTree = "<group>"; };
		276AA33C2B2F537500D3BD89 /* Info.plist */ = {isa = PBXFileReference; lastKnownFileType = text.plist; path = Info.plist; sourceTree = "<group>"; };
		276AA33D2B30BF8200D3BD89 /* AppDelegate.swift */ = {isa = PBXFileReference; lastKnownFileType = sourcecode.swift; path = AppDelegate.swift; sourceTree = "<group>"; };
		276D3B522B2DA04300461640 /* Harmony Tales.app */ = {isa = PBXFileReference; explicitFileType = wrapper.application; includeInIndex = 0; path = "Harmony Tales.app"; sourceTree = BUILT_PRODUCTS_DIR; };
		276D3B552B2DA04300461640 /* PlayerApp.swift */ = {isa = PBXFileReference; lastKnownFileType = sourcecode.swift; path = PlayerApp.swift; sourceTree = "<group>"; };
		276D3B592B2DA04500461640 /* Assets.xcassets */ = {isa = PBXFileReference; lastKnownFileType = folder.assetcatalog; path = Assets.xcassets; sourceTree = "<group>"; };
		276D3B5C2B2DA04500461640 /* Preview Assets.xcassets */ = {isa = PBXFileReference; lastKnownFileType = folder.assetcatalog; path = "Preview Assets.xcassets"; sourceTree = "<group>"; };
		276D3B6C2B2DA6F800461640 /* AppView.swift */ = {isa = PBXFileReference; lastKnownFileType = sourcecode.swift; path = AppView.swift; sourceTree = "<group>"; };
		276D3B6E2B2DA70100461640 /* AppFeature.swift */ = {isa = PBXFileReference; lastKnownFileType = sourcecode.swift; path = AppFeature.swift; sourceTree = "<group>"; };
		276D3B862B2EB00100461640 /* Shared */ = {isa = PBXFileReference; lastKnownFileType = wrapper; name = Shared; path = LocalPackages/Shared; sourceTree = "<group>"; };
		276D3B8A2B2EB12F00461640 /* Domain */ = {isa = PBXFileReference; lastKnownFileType = wrapper; name = Domain; path = LocalPackages/Domain; sourceTree = "<group>"; };
		276D3B8D2B2EB1EA00461640 /* Services */ = {isa = PBXFileReference; lastKnownFileType = wrapper; name = Services; path = LocalPackages/Services; sourceTree = "<group>"; };
		276D3B962B2EBC2200461640 /* EmptyFeature.swift */ = {isa = PBXFileReference; lastKnownFileType = sourcecode.swift; path = EmptyFeature.swift; sourceTree = "<group>"; };
		276D3B982B2EBC8400461640 /* EmptyFeatureView.swift */ = {isa = PBXFileReference; lastKnownFileType = sourcecode.swift; path = EmptyFeatureView.swift; sourceTree = "<group>"; };
		276D3B9A2B2EC2E600461640 /* AudioListFeature */ = {isa = PBXFileReference; lastKnownFileType = wrapper; name = AudioListFeature; path = LocalPackages/AudioListFeature; sourceTree = "<group>"; };
/* End PBXFileReference section */

/* Begin PBXFrameworksBuildPhase section */
		276D3B4F2B2DA04300461640 /* Frameworks */ = {
			isa = PBXFrameworksBuildPhase;
			buildActionMask = 2147483647;
			files = (
				2785B5A22B47FA140006CE19 /* StorageService in Frameworks */,
				276D3B8F2B2EB4BC00461640 /* FileService in Frameworks */,
				276AA3412B37F5DD00D3BD89 /* AudioService in Frameworks */,
				276D3B8C2B2EB18F00461640 /* Domain in Frameworks */,
				276D3B682B2DA61200461640 /* ComposableArchitecture in Frameworks */,
				276D3B9C2B2EC3CC00461640 /* AudioListFeature in Frameworks */,
				276D3B892B2EB0D200461640 /* Shared in Frameworks */,
			);
			runOnlyForDeploymentPostprocessing = 0;
		};
/* End PBXFrameworksBuildPhase section */

/* Begin PBXGroup section */
		276D3B492B2DA04300461640 = {
			isa = PBXGroup;
			children = (
				276D3B9A2B2EC2E600461640 /* AudioListFeature */,
				276D3B8D2B2EB1EA00461640 /* Services */,
				276D3B8A2B2EB12F00461640 /* Domain */,
				276D3B862B2EB00100461640 /* Shared */,
				276D3B542B2DA04300461640 /* Player */,
				276D3B532B2DA04300461640 /* Products */,
				276D3B872B2EB0D200461640 /* Frameworks */,
			);
			sourceTree = "<group>";
		};
		276D3B532B2DA04300461640 /* Products */ = {
			isa = PBXGroup;
			children = (
				276D3B522B2DA04300461640 /* Harmony Tales.app */,
			);
			name = Products;
			sourceTree = "<group>";
		};
		276D3B542B2DA04300461640 /* Player */ = {
			isa = PBXGroup;
			children = (
				276D3B952B2EBC1400461640 /* EmptyFeature */,
				276D3B6C2B2DA6F800461640 /* AppView.swift */,
				276D3B6E2B2DA70100461640 /* AppFeature.swift */,
				276D3B552B2DA04300461640 /* PlayerApp.swift */,
				276AA33D2B30BF8200D3BD89 /* AppDelegate.swift */,
				276AA33C2B2F537500D3BD89 /* Info.plist */,
				276D3B592B2DA04500461640 /* Assets.xcassets */,
				27432CC72B2F321000A18CA3 /* PlayerTests.xctestplan */,
				276D3B5B2B2DA04500461640 /* Preview Content */,
			);
			path = Player;
			sourceTree = "<group>";
		};
		276D3B5B2B2DA04500461640 /* Preview Content */ = {
			isa = PBXGroup;
			children = (
				276D3B5C2B2DA04500461640 /* Preview Assets.xcassets */,
			);
			path = "Preview Content";
			sourceTree = "<group>";
		};
		276D3B872B2EB0D200461640 /* Frameworks */ = {
			isa = PBXGroup;
			children = (
			);
			name = Frameworks;
			sourceTree = "<group>";
		};
		276D3B952B2EBC1400461640 /* EmptyFeature */ = {
			isa = PBXGroup;
			children = (
				276D3B962B2EBC2200461640 /* EmptyFeature.swift */,
				276D3B982B2EBC8400461640 /* EmptyFeatureView.swift */,
			);
			path = EmptyFeature;
			sourceTree = "<group>";
		};
/* End PBXGroup section */

/* Begin PBXNativeTarget section */
		276D3B512B2DA04300461640 /* Player */ = {
			isa = PBXNativeTarget;
			buildConfigurationList = 276D3B602B2DA04500461640 /* Build configuration list for PBXNativeTarget "Player" */;
			buildPhases = (
				276D3B4E2B2DA04300461640 /* Sources */,
				276D3B4F2B2DA04300461640 /* Frameworks */,
				276D3B502B2DA04300461640 /* Resources */,
			);
			buildRules = (
			);
			dependencies = (
			);
			name = Player;
			packageProductDependencies = (
				276D3B672B2DA61200461640 /* ComposableArchitecture */,
				276D3B882B2EB0D200461640 /* Shared */,
				276D3B8B2B2EB18F00461640 /* Domain */,
				276D3B8E2B2EB4BC00461640 /* FileService */,
				276D3B9B2B2EC3CC00461640 /* AudioListFeature */,
				276AA3402B37F5DD00D3BD89 /* AudioService */,
				2785B5A12B47FA140006CE19 /* StorageService */,
			);
			productName = Player;
			productReference = 276D3B522B2DA04300461640 /* Harmony Tales.app */;
			productType = "com.apple.product-type.application";
		};
/* End PBXNativeTarget section */

/* Begin PBXProject section */
		276D3B4A2B2DA04300461640 /* Project object */ = {
			isa = PBXProject;
			attributes = {
				BuildIndependentTargetsInParallel = 1;
				LastSwiftUpdateCheck = 1510;
				LastUpgradeCheck = 1510;
				TargetAttributes = {
					276D3B512B2DA04300461640 = {
						CreatedOnToolsVersion = 15.1;
					};
				};
			};
			buildConfigurationList = 276D3B4D2B2DA04300461640 /* Build configuration list for PBXProject "Player" */;
			compatibilityVersion = "Xcode 14.0";
			developmentRegion = en;
			hasScannedForEncodings = 0;
			knownRegions = (
				en,
				Base,
			);
			mainGroup = 276D3B492B2DA04300461640;
			packageReferences = (
				276D3B662B2DA61200461640 /* XCRemoteSwiftPackageReference "swift-composable-architecture" */,
			);
			productRefGroup = 276D3B532B2DA04300461640 /* Products */;
			projectDirPath = "";
			projectRoot = "";
			targets = (
				276D3B512B2DA04300461640 /* Player */,
			);
		};
/* End PBXProject section */

/* Begin PBXResourcesBuildPhase section */
		276D3B502B2DA04300461640 /* Resources */ = {
			isa = PBXResourcesBuildPhase;
			buildActionMask = 2147483647;
			files = (
				276D3B5D2B2DA04500461640 /* Preview Assets.xcassets in Resources */,
				276D3B5A2B2DA04500461640 /* Assets.xcassets in Resources */,
			);
			runOnlyForDeploymentPostprocessing = 0;
		};
/* End PBXResourcesBuildPhase section */

/* Begin PBXSourcesBuildPhase section */
		276D3B4E2B2DA04300461640 /* Sources */ = {
			isa = PBXSourcesBuildPhase;
			buildActionMask = 2147483647;
			files = (
				276AA33E2B30BF8200D3BD89 /* AppDelegate.swift in Sources */,
				276D3B6D2B2DA6F800461640 /* AppView.swift in Sources */,
				276D3B6F2B2DA70100461640 /* AppFeature.swift in Sources */,
				276D3B972B2EBC2200461640 /* EmptyFeature.swift in Sources */,
				276D3B562B2DA04300461640 /* PlayerApp.swift in Sources */,
				276D3B992B2EBC8400461640 /* EmptyFeatureView.swift in Sources */,
			);
			runOnlyForDeploymentPostprocessing = 0;
		};
/* End PBXSourcesBuildPhase section */

/* Begin XCBuildConfiguration section */
		276D3B5E2B2DA04500461640 /* Debug */ = {
			isa = XCBuildConfiguration;
			buildSettings = {
				ALWAYS_SEARCH_USER_PATHS = NO;
				ASSETCATALOG_COMPILER_GENERATE_SWIFT_ASSET_SYMBOL_EXTENSIONS = YES;
				CLANG_ANALYZER_NONNULL = YES;
				CLANG_ANALYZER_NUMBER_OBJECT_CONVERSION = YES_AGGRESSIVE;
				CLANG_CXX_LANGUAGE_STANDARD = "gnu++20";
				CLANG_ENABLE_MODULES = YES;
				CLANG_ENABLE_OBJC_ARC = YES;
				CLANG_ENABLE_OBJC_WEAK = YES;
				CLANG_WARN_BLOCK_CAPTURE_AUTORELEASING = YES;
				CLANG_WARN_BOOL_CONVERSION = YES;
				CLANG_WARN_COMMA = YES;
				CLANG_WARN_CONSTANT_CONVERSION = YES;
				CLANG_WARN_DEPRECATED_OBJC_IMPLEMENTATIONS = YES;
				CLANG_WARN_DIRECT_OBJC_ISA_USAGE = YES_ERROR;
				CLANG_WARN_DOCUMENTATION_COMMENTS = YES;
				CLANG_WARN_EMPTY_BODY = YES;
				CLANG_WARN_ENUM_CONVERSION = YES;
				CLANG_WARN_INFINITE_RECURSION = YES;
				CLANG_WARN_INT_CONVERSION = YES;
				CLANG_WARN_NON_LITERAL_NULL_CONVERSION = YES;
				CLANG_WARN_OBJC_IMPLICIT_RETAIN_SELF = YES;
				CLANG_WARN_OBJC_LITERAL_CONVERSION = YES;
				CLANG_WARN_OBJC_ROOT_CLASS = YES_ERROR;
				CLANG_WARN_QUOTED_INCLUDE_IN_FRAMEWORK_HEADER = YES;
				CLANG_WARN_RANGE_LOOP_ANALYSIS = YES;
				CLANG_WARN_STRICT_PROTOTYPES = YES;
				CLANG_WARN_SUSPICIOUS_MOVE = YES;
				CLANG_WARN_UNGUARDED_AVAILABILITY = YES_AGGRESSIVE;
				CLANG_WARN_UNREACHABLE_CODE = YES;
				CLANG_WARN__DUPLICATE_METHOD_MATCH = YES;
				COPY_PHASE_STRIP = NO;
				DEBUG_INFORMATION_FORMAT = dwarf;
				ENABLE_STRICT_OBJC_MSGSEND = YES;
				ENABLE_TESTABILITY = YES;
				ENABLE_USER_SCRIPT_SANDBOXING = YES;
				GCC_C_LANGUAGE_STANDARD = gnu17;
				GCC_DYNAMIC_NO_PIC = NO;
				GCC_NO_COMMON_BLOCKS = YES;
				GCC_OPTIMIZATION_LEVEL = 0;
				GCC_PREPROCESSOR_DEFINITIONS = (
					"DEBUG=1",
					"$(inherited)",
				);
				GCC_WARN_64_TO_32_BIT_CONVERSION = YES;
				GCC_WARN_ABOUT_RETURN_TYPE = YES_ERROR;
				GCC_WARN_UNDECLARED_SELECTOR = YES;
				GCC_WARN_UNINITIALIZED_AUTOS = YES_AGGRESSIVE;
				GCC_WARN_UNUSED_FUNCTION = YES;
				GCC_WARN_UNUSED_VARIABLE = YES;
				IPHONEOS_DEPLOYMENT_TARGET = 17.2;
				LOCALIZATION_PREFERS_STRING_CATALOGS = YES;
				MTL_ENABLE_DEBUG_INFO = INCLUDE_SOURCE;
				MTL_FAST_MATH = YES;
				ONLY_ACTIVE_ARCH = YES;
				SDKROOT = iphoneos;
				SWIFT_ACTIVE_COMPILATION_CONDITIONS = "DEBUG $(inherited)";
				SWIFT_OPTIMIZATION_LEVEL = "-Onone";
			};
			name = Debug;
		};
		276D3B5F2B2DA04500461640 /* Release */ = {
			isa = XCBuildConfiguration;
			buildSettings = {
				ALWAYS_SEARCH_USER_PATHS = NO;
				ASSETCATALOG_COMPILER_GENERATE_SWIFT_ASSET_SYMBOL_EXTENSIONS = YES;
				CLANG_ANALYZER_NONNULL = YES;
				CLANG_ANALYZER_NUMBER_OBJECT_CONVERSION = YES_AGGRESSIVE;
				CLANG_CXX_LANGUAGE_STANDARD = "gnu++20";
				CLANG_ENABLE_MODULES = YES;
				CLANG_ENABLE_OBJC_ARC = YES;
				CLANG_ENABLE_OBJC_WEAK = YES;
				CLANG_WARN_BLOCK_CAPTURE_AUTORELEASING = YES;
				CLANG_WARN_BOOL_CONVERSION = YES;
				CLANG_WARN_COMMA = YES;
				CLANG_WARN_CONSTANT_CONVERSION = YES;
				CLANG_WARN_DEPRECATED_OBJC_IMPLEMENTATIONS = YES;
				CLANG_WARN_DIRECT_OBJC_ISA_USAGE = YES_ERROR;
				CLANG_WARN_DOCUMENTATION_COMMENTS = YES;
				CLANG_WARN_EMPTY_BODY = YES;
				CLANG_WARN_ENUM_CONVERSION = YES;
				CLANG_WARN_INFINITE_RECURSION = YES;
				CLANG_WARN_INT_CONVERSION = YES;
				CLANG_WARN_NON_LITERAL_NULL_CONVERSION = YES;
				CLANG_WARN_OBJC_IMPLICIT_RETAIN_SELF = YES;
				CLANG_WARN_OBJC_LITERAL_CONVERSION = YES;
				CLANG_WARN_OBJC_ROOT_CLASS = YES_ERROR;
				CLANG_WARN_QUOTED_INCLUDE_IN_FRAMEWORK_HEADER = YES;
				CLANG_WARN_RANGE_LOOP_ANALYSIS = YES;
				CLANG_WARN_STRICT_PROTOTYPES = YES;
				CLANG_WARN_SUSPICIOUS_MOVE = YES;
				CLANG_WARN_UNGUARDED_AVAILABILITY = YES_AGGRESSIVE;
				CLANG_WARN_UNREACHABLE_CODE = YES;
				CLANG_WARN__DUPLICATE_METHOD_MATCH = YES;
				COPY_PHASE_STRIP = NO;
				DEBUG_INFORMATION_FORMAT = "dwarf-with-dsym";
				ENABLE_NS_ASSERTIONS = NO;
				ENABLE_STRICT_OBJC_MSGSEND = YES;
				ENABLE_USER_SCRIPT_SANDBOXING = YES;
				GCC_C_LANGUAGE_STANDARD = gnu17;
				GCC_NO_COMMON_BLOCKS = YES;
				GCC_WARN_64_TO_32_BIT_CONVERSION = YES;
				GCC_WARN_ABOUT_RETURN_TYPE = YES_ERROR;
				GCC_WARN_UNDECLARED_SELECTOR = YES;
				GCC_WARN_UNINITIALIZED_AUTOS = YES_AGGRESSIVE;
				GCC_WARN_UNUSED_FUNCTION = YES;
				GCC_WARN_UNUSED_VARIABLE = YES;
				IPHONEOS_DEPLOYMENT_TARGET = 17.2;
				LOCALIZATION_PREFERS_STRING_CATALOGS = YES;
				MTL_ENABLE_DEBUG_INFO = NO;
				MTL_FAST_MATH = YES;
				SDKROOT = iphoneos;
				SWIFT_COMPILATION_MODE = wholemodule;
				VALIDATE_PRODUCT = YES;
			};
			name = Release;
		};
		276D3B612B2DA04500461640 /* Debug */ = {
			isa = XCBuildConfiguration;
			buildSettings = {
				ASSETCATALOG_COMPILER_APPICON_NAME = AppIcon;
				ASSETCATALOG_COMPILER_GLOBAL_ACCENT_COLOR_NAME = AccentColor;
				CODE_SIGN_STYLE = Automatic;
				CURRENT_PROJECT_VERSION = 1;
				DEVELOPMENT_ASSET_PATHS = "\"Player/Preview Content\"";
				DEVELOPMENT_TEAM = 579X949DTW;
				ENABLE_PREVIEWS = YES;
				GENERATE_INFOPLIST_FILE = YES;
				INFOPLIST_FILE = Player/Info.plist;
				INFOPLIST_KEY_CFBundleDisplayName = "Harmony Tales";
				INFOPLIST_KEY_UIApplicationSceneManifest_Generation = YES;
				INFOPLIST_KEY_UIApplicationSupportsIndirectInputEvents = YES;
				INFOPLIST_KEY_UILaunchScreen_Generation = YES;
				INFOPLIST_KEY_UISupportedInterfaceOrientations_iPad = "UIInterfaceOrientationPortrait UIInterfaceOrientationPortraitUpsideDown UIInterfaceOrientationLandscapeLeft UIInterfaceOrientationLandscapeRight";
				INFOPLIST_KEY_UISupportedInterfaceOrientations_iPhone = "UIInterfaceOrientationPortrait UIInterfaceOrientationLandscapeLeft UIInterfaceOrientationLandscapeRight";
				LD_RUNPATH_SEARCH_PATHS = (
					"$(inherited)",
					"@executable_path/Frameworks",
				);
				MARKETING_VERSION = 1.0;
				PRODUCT_BUNDLE_IDENTIFIER = com.alextos.Player;
				PRODUCT_NAME = "Harmony Tales";
				SWIFT_EMIT_LOC_STRINGS = YES;
				SWIFT_VERSION = 5.0;
				TARGETED_DEVICE_FAMILY = "1,2";
			};
			name = Debug;
		};
		276D3B622B2DA04500461640 /* Release */ = {
			isa = XCBuildConfiguration;
			buildSettings = {
				ASSETCATALOG_COMPILER_APPICON_NAME = AppIcon;
				ASSETCATALOG_COMPILER_GLOBAL_ACCENT_COLOR_NAME = AccentColor;
				CODE_SIGN_STYLE = Automatic;
				CURRENT_PROJECT_VERSION = 1;
				DEVELOPMENT_ASSET_PATHS = "\"Player/Preview Content\"";
				DEVELOPMENT_TEAM = 579X949DTW;
				ENABLE_PREVIEWS = YES;
				GENERATE_INFOPLIST_FILE = YES;
				INFOPLIST_FILE = Player/Info.plist;
				INFOPLIST_KEY_CFBundleDisplayName = "Harmony Tales";
				INFOPLIST_KEY_UIApplicationSceneManifest_Generation = YES;
				INFOPLIST_KEY_UIApplicationSupportsIndirectInputEvents = YES;
				INFOPLIST_KEY_UILaunchScreen_Generation = YES;
				INFOPLIST_KEY_UISupportedInterfaceOrientations_iPad = "UIInterfaceOrientationPortrait UIInterfaceOrientationPortraitUpsideDown UIInterfaceOrientationLandscapeLeft UIInterfaceOrientationLandscapeRight";
				INFOPLIST_KEY_UISupportedInterfaceOrientations_iPhone = "UIInterfaceOrientationPortrait UIInterfaceOrientationLandscapeLeft UIInterfaceOrientationLandscapeRight";
				LD_RUNPATH_SEARCH_PATHS = (
					"$(inherited)",
					"@executable_path/Frameworks",
				);
				MARKETING_VERSION = 1.0;
				PRODUCT_BUNDLE_IDENTIFIER = com.alextos.Player;
				PRODUCT_NAME = "Harmony Tales";
				SWIFT_EMIT_LOC_STRINGS = YES;
				SWIFT_VERSION = 5.0;
				TARGETED_DEVICE_FAMILY = "1,2";
			};
			name = Release;
		};
/* End XCBuildConfiguration section */

/* Begin XCConfigurationList section */
		276D3B4D2B2DA04300461640 /* Build configuration list for PBXProject "Player" */ = {
			isa = XCConfigurationList;
			buildConfigurations = (
				276D3B5E2B2DA04500461640 /* Debug */,
				276D3B5F2B2DA04500461640 /* Release */,
			);
			defaultConfigurationIsVisible = 0;
			defaultConfigurationName = Release;
		};
		276D3B602B2DA04500461640 /* Build configuration list for PBXNativeTarget "Player" */ = {
			isa = XCConfigurationList;
			buildConfigurations = (
				276D3B612B2DA04500461640 /* Debug */,
				276D3B622B2DA04500461640 /* Release */,
			);
			defaultConfigurationIsVisible = 0;
			defaultConfigurationName = Release;
		};
/* End XCConfigurationList section */

/* Begin XCRemoteSwiftPackageReference section */
		276D3B662B2DA61200461640 /* XCRemoteSwiftPackageReference "swift-composable-architecture" */ = {
			isa = XCRemoteSwiftPackageReference;
			repositoryURL = "https://github.com/pointfreeco/swift-composable-architecture";
			requirement = {
				kind = upToNextMajorVersion;
				minimumVersion = 1.5.5;
			};
		};
/* End XCRemoteSwiftPackageReference section */

/* Begin XCSwiftPackageProductDependency section */
		276AA3402B37F5DD00D3BD89 /* AudioService */ = {
			isa = XCSwiftPackageProductDependency;
			productName = AudioService;
		};
		276D3B672B2DA61200461640 /* ComposableArchitecture */ = {
			isa = XCSwiftPackageProductDependency;
			package = 276D3B662B2DA61200461640 /* XCRemoteSwiftPackageReference "swift-composable-architecture" */;
			productName = ComposableArchitecture;
		};
		276D3B882B2EB0D200461640 /* Shared */ = {
			isa = XCSwiftPackageProductDependency;
			productName = Shared;
		};
		276D3B8B2B2EB18F00461640 /* Domain */ = {
			isa = XCSwiftPackageProductDependency;
			productName = Domain;
		};
		276D3B8E2B2EB4BC00461640 /* FileService */ = {
			isa = XCSwiftPackageProductDependency;
			productName = FileService;
		};
		276D3B9B2B2EC3CC00461640 /* AudioListFeature */ = {
			isa = XCSwiftPackageProductDependency;
			productName = AudioListFeature;
		};
		2785B5A12B47FA140006CE19 /* StorageService */ = {
			isa = XCSwiftPackageProductDependency;
			productName = StorageService;
		};
/* End XCSwiftPackageProductDependency section */
	};
	rootObject = 276D3B4A2B2DA04300461640 /* Project object */;
}
